Microsoft Visual Studio Solution File, Format Version 12.00
# Visual Studio 2012
Project("{FAE04EC0-301F-11D3-BF4B-00C04F79EFBC}") = "latanie przez chmury", "latanie przez chmury.csproj", "{36D25A79-5E98-4A06-9D3A-26AAD9E90BB6}"
EndProject
Global
	GlobalSection(SolutionConfigurationPlatforms) = preSolution
	Debug|Any CPU = Debug|Any CPU
	ExportDebug|Any CPU = ExportDebug|Any CPU
	ExportRelease|Any CPU = ExportRelease|Any CPU
	EndGlobalSection
	GlobalSection(ProjectConfigurationPlatforms) = postSolution
		{36D25A79-5E98-4A06-9D3A-26AAD9E90BB6}.Debug|Any CPU.ActiveCfg = Debug|Any CPU
		{36D25A79-5E98-4A06-9D3A-26AAD9E90BB6}.Debug|Any CPU.Build.0 = Debug|Any CPU
		{36D25A79-5E98-4A06-9D3A-26AAD9E90BB6}.ExportDebug|Any CPU.ActiveCfg = ExportDebug|Any CPU
		{36D25A79-5E98-4A06-9D3A-26AAD9E90BB6}.ExportDebug|Any CPU.Build.0 = ExportDebug|Any CPU
		{36D25A79-5E98-4A06-9D3A-26AAD9E90BB6}.ExportRelease|Any CPU.ActiveCfg = ExportRelease|Any CPU
		{36D25A79-5E98-4A06-9D3A-26AAD9E90BB6}.ExportRelease|Any CPU.Build.0 = ExportRelease|Any CPU
	EndGlobalSection
EndGlobal
